// !$*UTF8*$!
{
	archiveVersion = 1;
	classes = {
	};
	objectVersion = 56;
	objects = {

/* Begin PBXBuildFile section */
		B50542DD2A53205200492D24 /* Little_LemonApp.swift in Sources */ = {isa = PBXBuildFile; fileRef = B50542DC2A53205200492D24 /* Little_LemonApp.swift */; };
		B50542E12A53205400492D24 /* Assets.xcassets in Resources */ = {isa = PBXBuildFile; fileRef = B50542E02A53205400492D24 /* Assets.xcassets */; };
		B50542E42A53205400492D24 /* Preview Assets.xcassets in Resources */ = {isa = PBXBuildFile; fileRef = B50542E32A53205400492D24 /* Preview Assets.xcassets */; };
		B5406A262A62CBF000B3F710 /* Karla-ExtraBold.ttf in Resources */ = {isa = PBXBuildFile; fileRef = B5406A252A62CBF000B3F710 /* Karla-ExtraBold.ttf */; };
		B5406A282A62CE8200B3F710 /* Karla-Bold.ttf in Resources */ = {isa = PBXBuildFile; fileRef = B5406A272A62CE8200B3F710 /* Karla-Bold.ttf */; };
		B54CAF132A55D647009DEFF9 /* Onboarding1.swift in Sources */ = {isa = PBXBuildFile; fileRef = B54CAF122A55D647009DEFF9 /* Onboarding1.swift */; };
		B588F8032A60111700106822 /* Onboarding2.swift in Sources */ = {isa = PBXBuildFile; fileRef = B588F8022A60111700106822 /* Onboarding2.swift */; };
		B588F8052A60112600106822 /* Onboarding3.swift in Sources */ = {isa = PBXBuildFile; fileRef = B588F8042A60112600106822 /* Onboarding3.swift */; };
		B588F8072A6047F700106822 /* Karla-Regular.ttf in Resources */ = {isa = PBXBuildFile; fileRef = B588F8062A6047F700106822 /* Karla-Regular.ttf */; };
		B58BB32F2A5D6189002F9BC2 /* MarkaziText-Medium.ttf in Resources */ = {isa = PBXBuildFile; fileRef = B58BB32E2A5D6188002F9BC2 /* MarkaziText-Medium.ttf */; };
		B58BB3322A5D633E002F9BC2 /* MarkaziText-Regular.ttf in Resources */ = {isa = PBXBuildFile; fileRef = B58BB3312A5D633E002F9BC2 /* MarkaziText-Regular.ttf */; };
		B58BB3342A5D63D9002F9BC2 /* Karla-Medium.ttf in Resources */ = {isa = PBXBuildFile; fileRef = B58BB3332A5D63D9002F9BC2 /* Karla-Medium.ttf */; };
		B5A774C62A56D726003F105C /* Home.swift in Sources */ = {isa = PBXBuildFile; fileRef = B5A774C52A56D726003F105C /* Home.swift */; };
		B5A774C82A56D75A003F105C /* Menu.swift in Sources */ = {isa = PBXBuildFile; fileRef = B5A774C72A56D75A003F105C /* Menu.swift */; };
		B5D06EB62A580FD000F28781 /* UserProfile.swift in Sources */ = {isa = PBXBuildFile; fileRef = B5D06EB52A580FD000F28781 /* UserProfile.swift */; };
		B5D06EBD2A58278300F28781 /* FetchedObjects.swift in Sources */ = {isa = PBXBuildFile; fileRef = B5D06EBB2A58278300F28781 /* FetchedObjects.swift */; };
		B5D06EBE2A58278300F28781 /* Persistence.swift in Sources */ = {isa = PBXBuildFile; fileRef = B5D06EBC2A58278300F28781 /* Persistence.swift */; };
		B5D06EC02A5827CC00F28781 /* MenuList.swift in Sources */ = {isa = PBXBuildFile; fileRef = B5D06EBF2A5827CC00F28781 /* MenuList.swift */; };
		B5D06EC22A5827D800F28781 /* MenuItem.swift in Sources */ = {isa = PBXBuildFile; fileRef = B5D06EC12A5827D800F28781 /* MenuItem.swift */; };
		B5D06EC52A585D5700F28781 /* ExampleDatabase.xcdatamodeld in Sources */ = {isa = PBXBuildFile; fileRef = B5D06EC32A585D5700F28781 /* ExampleDatabase.xcdatamodeld */; };
/* End PBXBuildFile section */

/* Begin PBXFileReference section */
		B50542D92A53205200492D24 /* Little Lemon.app */ = {isa = PBXFileReference; explicitFileType = wrapper.application; includeInIndex = 0; path = "Little Lemon.app"; sourceTree = BUILT_PRODUCTS_DIR; };
		B50542DC2A53205200492D24 /* Little_LemonApp.swift */ = {isa = PBXFileReference; lastKnownFileType = sourcecode.swift; path = Little_LemonApp.swift; sourceTree = "<group>"; };
		B50542E02A53205400492D24 /* Assets.xcassets */ = {isa = PBXFileReference; lastKnownFileType = folder.assetcatalog; path = Assets.xcassets; sourceTree = "<group>"; };
		B50542E32A53205400492D24 /* Preview Assets.xcassets */ = {isa = PBXFileReference; lastKnownFileType = folder.assetcatalog; path = "Preview Assets.xcassets"; sourceTree = "<group>"; };
		B5406A252A62CBF000B3F710 /* Karla-ExtraBold.ttf */ = {isa = PBXFileReference; lastKnownFileType = file; path = "Karla-ExtraBold.ttf"; sourceTree = "<group>"; };
		B5406A272A62CE8200B3F710 /* Karla-Bold.ttf */ = {isa = PBXFileReference; lastKnownFileType = file; path = "Karla-Bold.ttf"; sourceTree = "<group>"; };
		B54CAF122A55D647009DEFF9 /* Onboarding1.swift */ = {isa = PBXFileReference; lastKnownFileType = sourcecode.swift; path = Onboarding1.swift; sourceTree = "<group>"; };
		B588F8022A60111700106822 /* Onboarding2.swift */ = {isa = PBXFileReference; lastKnownFileType = sourcecode.swift; path = Onboarding2.swift; sourceTree = "<group>"; };
		B588F8042A60112600106822 /* Onboarding3.swift */ = {isa = PBXFileReference; lastKnownFileType = sourcecode.swift; path = Onboarding3.swift; sourceTree = "<group>"; };
		B588F8062A6047F700106822 /* Karla-Regular.ttf */ = {isa = PBXFileReference; lastKnownFileType = file; path = "Karla-Regular.ttf"; sourceTree = "<group>"; };
		B58BB32E2A5D6188002F9BC2 /* MarkaziText-Medium.ttf */ = {isa = PBXFileReference; lastKnownFileType = file; path = "MarkaziText-Medium.ttf"; sourceTree = "<group>"; };
		B58BB3302A5D62BC002F9BC2 /* Little-Lemon-Info.plist */ = {isa = PBXFileReference; lastKnownFileType = text.plist; path = "Little-Lemon-Info.plist"; sourceTree = SOURCE_ROOT; };
		B58BB3312A5D633E002F9BC2 /* MarkaziText-Regular.ttf */ = {isa = PBXFileReference; lastKnownFileType = file; path = "MarkaziText-Regular.ttf"; sourceTree = "<group>"; };
		B58BB3332A5D63D9002F9BC2 /* Karla-Medium.ttf */ = {isa = PBXFileReference; lastKnownFileType = file; path = "Karla-Medium.ttf"; sourceTree = "<group>"; };
		B5A774C52A56D726003F105C /* Home.swift */ = {isa = PBXFileReference; lastKnownFileType = sourcecode.swift; path = Home.swift; sourceTree = "<group>"; };
		B5A774C72A56D75A003F105C /* Menu.swift */ = {isa = PBXFileReference; lastKnownFileType = sourcecode.swift; path = Menu.swift; sourceTree = "<group>"; };
		B5D06EB52A580FD000F28781 /* UserProfile.swift */ = {isa = PBXFileReference; lastKnownFileType = sourcecode.swift; path = UserProfile.swift; sourceTree = "<group>"; };
		B5D06EBB2A58278300F28781 /* FetchedObjects.swift */ = {isa = PBXFileReference; fileEncoding = 4; lastKnownFileType = sourcecode.swift; path = FetchedObjects.swift; sourceTree = "<group>"; };
		B5D06EBC2A58278300F28781 /* Persistence.swift */ = {isa = PBXFileReference; fileEncoding = 4; lastKnownFileType = sourcecode.swift; path = Persistence.swift; sourceTree = "<group>"; };
		B5D06EBF2A5827CC00F28781 /* MenuList.swift */ = {isa = PBXFileReference; lastKnownFileType = sourcecode.swift; path = MenuList.swift; sourceTree = "<group>"; };
		B5D06EC12A5827D800F28781 /* MenuItem.swift */ = {isa = PBXFileReference; lastKnownFileType = sourcecode.swift; path = MenuItem.swift; sourceTree = "<group>"; };
		B5D06EC42A585D5700F28781 /* ExampleDatabase.xcdatamodel */ = {isa = PBXFileReference; lastKnownFileType = wrapper.xcdatamodel; path = ExampleDatabase.xcdatamodel; sourceTree = "<group>"; };
/* End PBXFileReference section */

/* Begin PBXFrameworksBuildPhase section */
		B50542D62A53205200492D24 /* Frameworks */ = {
			isa = PBXFrameworksBuildPhase;
			buildActionMask = 2147483647;
			files = (
			);
			runOnlyForDeploymentPostprocessing = 0;
		};
/* End PBXFrameworksBuildPhase section */

/* Begin PBXGroup section */
		B50542D02A53205200492D24 = {
			isa = PBXGroup;
			children = (
				B50542DB2A53205200492D24 /* Little Lemon */,
				B50542DA2A53205200492D24 /* Products */,
			);
			sourceTree = "<group>";
		};
		B50542DA2A53205200492D24 /* Products */ = {
			isa = PBXGroup;
			children = (
				B50542D92A53205200492D24 /* Little Lemon.app */,
			);
			name = Products;
			sourceTree = "<group>";
		};
		B50542DB2A53205200492D24 /* Little Lemon */ = {
			isa = PBXGroup;
			children = (
				B58BB3302A5D62BC002F9BC2 /* Little-Lemon-Info.plist */,
				B50542DC2A53205200492D24 /* Little_LemonApp.swift */,
				B5D06EBF2A5827CC00F28781 /* MenuList.swift */,
				B5D06EC12A5827D800F28781 /* MenuItem.swift */,
				B54CAF122A55D647009DEFF9 /* Onboarding1.swift */,
				B588F8022A60111700106822 /* Onboarding2.swift */,
				B588F8042A60112600106822 /* Onboarding3.swift */,
				B5D06EB52A580FD000F28781 /* UserProfile.swift */,
				B5D06EBB2A58278300F28781 /* FetchedObjects.swift */,
				B5D06EBC2A58278300F28781 /* Persistence.swift */,
				B5A774C52A56D726003F105C /* Home.swift */,
				B5A774C72A56D75A003F105C /* Menu.swift */,
				B58BB32E2A5D6188002F9BC2 /* MarkaziText-Medium.ttf */,
				B58BB3312A5D633E002F9BC2 /* MarkaziText-Regular.ttf */,
				B58BB3332A5D63D9002F9BC2 /* Karla-Medium.ttf */,
				B588F8062A6047F700106822 /* Karla-Regular.ttf */,
				B5406A252A62CBF000B3F710 /* Karla-ExtraBold.ttf */,
				B5406A272A62CE8200B3F710 /* Karla-Bold.ttf */,
				B5D06EC32A585D5700F28781 /* ExampleDatabase.xcdatamodeld */,
				B50542E02A53205400492D24 /* Assets.xcassets */,
				B50542E22A53205400492D24 /* Preview Content */,
			);
			path = "Little Lemon";
			sourceTree = "<group>";
		};
		B50542E22A53205400492D24 /* Preview Content */ = {
			isa = PBXGroup;
			children = (
				B50542E32A53205400492D24 /* Preview Assets.xcassets */,
			);
			path = "Preview Content";
			sourceTree = "<group>";
		};
/* End PBXGroup section */

/* Begin PBXNativeTarget section */
		B50542D82A53205200492D24 /* Little Lemon */ = {
			isa = PBXNativeTarget;
			buildConfigurationList = B50542E72A53205400492D24 /* Build configuration list for PBXNativeTarget "Little Lemon" */;
			buildPhases = (
				B50542D52A53205200492D24 /* Sources */,
				B50542D62A53205200492D24 /* Frameworks */,
				B50542D72A53205200492D24 /* Resources */,
			);
			buildRules = (
			);
			dependencies = (
			);
			name = "Little Lemon";
			productName = "Little Lemon";
			productReference = B50542D92A53205200492D24 /* Little Lemon.app */;
			productType = "com.apple.product-type.application";
		};
/* End PBXNativeTarget section */

/* Begin PBXProject section */
		B50542D12A53205200492D24 /* Project object */ = {
			isa = PBXProject;
			attributes = {
				BuildIndependentTargetsInParallel = 1;
				LastSwiftUpdateCheck = 1430;
				LastUpgradeCheck = 1430;
				TargetAttributes = {
					B50542D82A53205200492D24 = {
						CreatedOnToolsVersion = 14.3.1;
					};
				};
			};
			buildConfigurationList = B50542D42A53205200492D24 /* Build configuration list for PBXProject "Little Lemon" */;
			compatibilityVersion = "Xcode 14.0";
			developmentRegion = en;
			hasScannedForEncodings = 0;
			knownRegions = (
				en,
				Base,
			);
			mainGroup = B50542D02A53205200492D24;
			productRefGroup = B50542DA2A53205200492D24 /* Products */;
			projectDirPath = "";
			projectRoot = "";
			targets = (
				B50542D82A53205200492D24 /* Little Lemon */,
			);
		};
/* End PBXProject section */

/* Begin PBXResourcesBuildPhase section */
		B50542D72A53205200492D24 /* Resources */ = {
			isa = PBXResourcesBuildPhase;
			buildActionMask = 2147483647;
			files = (
				B58BB32F2A5D6189002F9BC2 /* MarkaziText-Medium.ttf in Resources */,
				B58BB3342A5D63D9002F9BC2 /* Karla-Medium.ttf in Resources */,
				B50542E42A53205400492D24 /* Preview Assets.xcassets in Resources */,
				B5406A282A62CE8200B3F710 /* Karla-Bold.ttf in Resources */,
				B58BB3322A5D633E002F9BC2 /* MarkaziText-Regular.ttf in Resources */,
				B50542E12A53205400492D24 /* Assets.xcassets in Resources */,
				B588F8072A6047F700106822 /* Karla-Regular.ttf in Resources */,
				B5406A262A62CBF000B3F710 /* Karla-ExtraBold.ttf in Resources */,
			);
			runOnlyForDeploymentPostprocessing = 0;
		};
/* End PBXResourcesBuildPhase section */

/* Begin PBXSourcesBuildPhase section */
		B50542D52A53205200492D24 /* Sources */ = {
			isa = PBXSourcesBuildPhase;
			buildActionMask = 2147483647;
			files = (
				B54CAF132A55D647009DEFF9 /* Onboarding1.swift in Sources */,
				B5A774C62A56D726003F105C /* Home.swift in Sources */,
				B5D06EC02A5827CC00F28781 /* MenuList.swift in Sources */,
				B5D06EBD2A58278300F28781 /* FetchedObjects.swift in Sources */,
				B588F8052A60112600106822 /* Onboarding3.swift in Sources */,
				B5D06EBE2A58278300F28781 /* Persistence.swift in Sources */,
				B5D06EC52A585D5700F28781 /* ExampleDatabase.xcdatamodeld in Sources */,
				B5D06EB62A580FD000F28781 /* UserProfile.swift in Sources */,
				B5D06EC22A5827D800F28781 /* MenuItem.swift in Sources */,
				B588F8032A60111700106822 /* Onboarding2.swift in Sources */,
				B5A774C82A56D75A003F105C /* Menu.swift in Sources */,
				B50542DD2A53205200492D24 /* Little_LemonApp.swift in Sources */,
			);
			runOnlyForDeploymentPostprocessing = 0;
		};
/* End PBXSourcesBuildPhase section */

/* Begin XCBuildConfiguration section */
		B50542E52A53205400492D24 /* Debug */ = {
			isa = XCBuildConfiguration;
			buildSettings = {
				ALWAYS_SEARCH_USER_PATHS = NO;
				CLANG_ANALYZER_NONNULL = YES;
				CLANG_ANALYZER_NUMBER_OBJECT_CONVERSION = YES_AGGRESSIVE;
				CLANG_CXX_LANGUAGE_STANDARD = "gnu++20";
				CLANG_ENABLE_MODULES = YES;
				CLANG_ENABLE_OBJC_ARC = YES;
				CLANG_ENABLE_OBJC_WEAK = YES;
				CLANG_WARN_BLOCK_CAPTURE_AUTORELEASING = YES;
				CLANG_WARN_BOOL_CONVERSION = YES;
				CLANG_WARN_COMMA = YES;
				CLANG_WARN_CONSTANT_CONVERSION = YES;
				CLANG_WARN_DEPRECATED_OBJC_IMPLEMENTATIONS = YES;
				CLANG_WARN_DIRECT_OBJC_ISA_USAGE = YES_ERROR;
				CLANG_WARN_DOCUMENTATION_COMMENTS = YES;
				CLANG_WARN_EMPTY_BODY = YES;
				CLANG_WARN_ENUM_CONVERSION = YES;
				CLANG_WARN_INFINITE_RECURSION = YES;
				CLANG_WARN_INT_CONVERSION = YES;
				CLANG_WARN_NON_LITERAL_NULL_CONVERSION = YES;
				CLANG_WARN_OBJC_IMPLICIT_RETAIN_SELF = YES;
				CLANG_WARN_OBJC_LITERAL_CONVERSION = YES;
				CLANG_WARN_OBJC_ROOT_CLASS = YES_ERROR;
				CLANG_WARN_QUOTED_INCLUDE_IN_FRAMEWORK_HEADER = YES;
				CLANG_WARN_RANGE_LOOP_ANALYSIS = YES;
				CLANG_WARN_STRICT_PROTOTYPES = YES;
				CLANG_WARN_SUSPICIOUS_MOVE = YES;
				CLANG_WARN_UNGUARDED_AVAILABILITY = YES_AGGRESSIVE;
				CLANG_WARN_UNREACHABLE_CODE = YES;
				CLANG_WARN__DUPLICATE_METHOD_MATCH = YES;
				COPY_PHASE_STRIP = NO;
				DEBUG_INFORMATION_FORMAT = dwarf;
				ENABLE_STRICT_OBJC_MSGSEND = YES;
				ENABLE_TESTABILITY = YES;
				GCC_C_LANGUAGE_STANDARD = gnu11;
				GCC_DYNAMIC_NO_PIC = NO;
				GCC_NO_COMMON_BLOCKS = YES;
				GCC_OPTIMIZATION_LEVEL = 0;
				GCC_PREPROCESSOR_DEFINITIONS = (
					"DEBUG=1",
					"$(inherited)",
				);
				GCC_WARN_64_TO_32_BIT_CONVERSION = YES;
				GCC_WARN_ABOUT_RETURN_TYPE = YES_ERROR;
				GCC_WARN_UNDECLARED_SELECTOR = YES;
				GCC_WARN_UNINITIALIZED_AUTOS = YES_AGGRESSIVE;
				GCC_WARN_UNUSED_FUNCTION = YES;
				GCC_WARN_UNUSED_VARIABLE = YES;
				IPHONEOS_DEPLOYMENT_TARGET = 16.4;
				MTL_ENABLE_DEBUG_INFO = INCLUDE_SOURCE;
				MTL_FAST_MATH = YES;
				ONLY_ACTIVE_ARCH = YES;
				SDKROOT = iphoneos;
				SWIFT_ACTIVE_COMPILATION_CONDITIONS = DEBUG;
				SWIFT_OPTIMIZATION_LEVEL = "-Onone";
			};
			name = Debug;
		};
		B50542E62A53205400492D24 /* Release */ = {
			isa = XCBuildConfiguration;
			buildSettings = {
				ALWAYS_SEARCH_USER_PATHS = NO;
				CLANG_ANALYZER_NONNULL = YES;
				CLANG_ANALYZER_NUMBER_OBJECT_CONVERSION = YES_AGGRESSIVE;
				CLANG_CXX_LANGUAGE_STANDARD = "gnu++20";
				CLANG_ENABLE_MODULES = YES;
				CLANG_ENABLE_OBJC_ARC = YES;
				CLANG_ENABLE_OBJC_WEAK = YES;
				CLANG_WARN_BLOCK_CAPTURE_AUTORELEASING = YES;
				CLANG_WARN_BOOL_CONVERSION = YES;
				CLANG_WARN_COMMA = YES;
				CLANG_WARN_CONSTANT_CONVERSION = YES;
				CLANG_WARN_DEPRECATED_OBJC_IMPLEMENTATIONS = YES;
				CLANG_WARN_DIRECT_OBJC_ISA_USAGE = YES_ERROR;
				CLANG_WARN_DOCUMENTATION_COMMENTS = YES;
				CLANG_WARN_EMPTY_BODY = YES;
				CLANG_WARN_ENUM_CONVERSION = YES;
				CLANG_WARN_INFINITE_RECURSION = YES;
				CLANG_WARN_INT_CONVERSION = YES;
				CLANG_WARN_NON_LITERAL_NULL_CONVERSION = YES;
				CLANG_WARN_OBJC_IMPLICIT_RETAIN_SELF = YES;
				CLANG_WARN_OBJC_LITERAL_CONVERSION = YES;
				CLANG_WARN_OBJC_ROOT_CLASS = YES_ERROR;
				CLANG_WARN_QUOTED_INCLUDE_IN_FRAMEWORK_HEADER = YES;
				CLANG_WARN_RANGE_LOOP_ANALYSIS = YES;
				CLANG_WARN_STRICT_PROTOTYPES = YES;
				CLANG_WARN_SUSPICIOUS_MOVE = YES;
				CLANG_WARN_UNGUARDED_AVAILABILITY = YES_AGGRESSIVE;
				CLANG_WARN_UNREACHABLE_CODE = YES;
				CLANG_WARN__DUPLICATE_METHOD_MATCH = YES;
				COPY_PHASE_STRIP = NO;
				DEBUG_INFORMATION_FORMAT = "dwarf-with-dsym";
				ENABLE_NS_ASSERTIONS = NO;
				ENABLE_STRICT_OBJC_MSGSEND = YES;
				GCC_C_LANGUAGE_STANDARD = gnu11;
				GCC_NO_COMMON_BLOCKS = YES;
				GCC_WARN_64_TO_32_BIT_CONVERSION = YES;
				GCC_WARN_ABOUT_RETURN_TYPE = YES_ERROR;
				GCC_WARN_UNDECLARED_SELECTOR = YES;
				GCC_WARN_UNINITIALIZED_AUTOS = YES_AGGRESSIVE;
				GCC_WARN_UNUSED_FUNCTION = YES;
				GCC_WARN_UNUSED_VARIABLE = YES;
				IPHONEOS_DEPLOYMENT_TARGET = 16.4;
				MTL_ENABLE_DEBUG_INFO = NO;
				MTL_FAST_MATH = YES;
				SDKROOT = iphoneos;
				SWIFT_COMPILATION_MODE = wholemodule;
				SWIFT_OPTIMIZATION_LEVEL = "-O";
				VALIDATE_PRODUCT = YES;
			};
			name = Release;
		};
		B50542E82A53205400492D24 /* Debug */ = {
			isa = XCBuildConfiguration;
			buildSettings = {
				ASSETCATALOG_COMPILER_APPICON_NAME = AppIcon;
				ASSETCATALOG_COMPILER_GLOBAL_ACCENT_COLOR_NAME = AccentColor;
				CODE_SIGN_STYLE = Automatic;
				CURRENT_PROJECT_VERSION = 1;
				DEVELOPMENT_ASSET_PATHS = "\"Little Lemon/Preview Content\"";
				DEVELOPMENT_TEAM = MR9N93235G;
				ENABLE_PREVIEWS = YES;
				GENERATE_INFOPLIST_FILE = YES;
				INFOPLIST_FILE = "Little-Lemon-Info.plist";
				INFOPLIST_KEY_UIApplicationSceneManifest_Generation = YES;
				INFOPLIST_KEY_UIApplicationSupportsIndirectInputEvents = YES;
				INFOPLIST_KEY_UILaunchScreen_Generation = YES;
				INFOPLIST_KEY_UISupportedInterfaceOrientations_iPad = "UIInterfaceOrientationPortrait UIInterfaceOrientationPortraitUpsideDown UIInterfaceOrientationLandscapeLeft UIInterfaceOrientationLandscapeRight";
				INFOPLIST_KEY_UISupportedInterfaceOrientations_iPhone = "UIInterfaceOrientationPortrait UIInterfaceOrientationLandscapeLeft UIInterfaceOrientationLandscapeRight";
				LD_RUNPATH_SEARCH_PATHS = (
					"$(inherited)",
					"@executable_path/Frameworks",
				);
				MARKETING_VERSION = 1.0;
				PRODUCT_BUNDLE_IDENTIFIER = "it.benedettomoschella.Little-Lemon";
				PRODUCT_NAME = "$(TARGET_NAME)";
				SWIFT_EMIT_LOC_STRINGS = YES;
				SWIFT_VERSION = 5.0;
				TARGETED_DEVICE_FAMILY = "1,2";
			};
			name = Debug;
		};
		B50542E92A53205400492D24 /* Release */ = {
			isa = XCBuildConfiguration;
			buildSettings = {
				ASSETCATALOG_COMPILER_APPICON_NAME = AppIcon;
				ASSETCATALOG_COMPILER_GLOBAL_ACCENT_COLOR_NAME = AccentColor;
				CODE_SIGN_STYLE = Automatic;
				CURRENT_PROJECT_VERSION = 1;
				DEVELOPMENT_ASSET_PATHS = "\"Little Lemon/Preview Content\"";
				DEVELOPMENT_TEAM = MR9N93235G;
				ENABLE_PREVIEWS = YES;
				GENERATE_INFOPLIST_FILE = YES;
				INFOPLIST_FILE = "Little-Lemon-Info.plist";
				INFOPLIST_KEY_UIApplicationSceneManifest_Generation = YES;
				INFOPLIST_KEY_UIApplicationSupportsIndirectInputEvents = YES;
				INFOPLIST_KEY_UILaunchScreen_Generation = YES;
				INFOPLIST_KEY_UISupportedInterfaceOrientations_iPad = "UIInterfaceOrientationPortrait UIInterfaceOrientationPortraitUpsideDown UIInterfaceOrientationLandscapeLeft UIInterfaceOrientationLandscapeRight";
				INFOPLIST_KEY_UISupportedInterfaceOrientations_iPhone = "UIInterfaceOrientationPortrait UIInterfaceOrientationLandscapeLeft UIInterfaceOrientationLandscapeRight";
				LD_RUNPATH_SEARCH_PATHS = (
					"$(inherited)",
					"@executable_path/Frameworks",
				);
				MARKETING_VERSION = 1.0;
				PRODUCT_BUNDLE_IDENTIFIER = "it.benedettomoschella.Little-Lemon";
				PRODUCT_NAME = "$(TARGET_NAME)";
				SWIFT_EMIT_LOC_STRINGS = YES;
				SWIFT_VERSION = 5.0;
				TARGETED_DEVICE_FAMILY = "1,2";
			};
			name = Release;
		};
/* End XCBuildConfiguration section */

/* Begin XCConfigurationList section */
		B50542D42A53205200492D24 /* Build configuration list for PBXProject "Little Lemon" */ = {
			isa = XCConfigurationList;
			buildConfigurations = (
				B50542E52A53205400492D24 /* Debug */,
				B50542E62A53205400492D24 /* Release */,
			);
			defaultConfigurationIsVisible = 0;
			defaultConfigurationName = Release;
		};
		B50542E72A53205400492D24 /* Build configuration list for PBXNativeTarget "Little Lemon" */ = {
			isa = XCConfigurationList;
			buildConfigurations = (
				B50542E82A53205400492D24 /* Debug */,
				B50542E92A53205400492D24 /* Release */,
			);
			defaultConfigurationIsVisible = 0;
			defaultConfigurationName = Release;
		};
/* End XCConfigurationList section */

/* Begin XCVersionGroup section */
		B5D06EC32A585D5700F28781 /* ExampleDatabase.xcdatamodeld */ = {
			isa = XCVersionGroup;
			children = (
				B5D06EC42A585D5700F28781 /* ExampleDatabase.xcdatamodel */,
			);
			currentVersion = B5D06EC42A585D5700F28781 /* ExampleDatabase.xcdatamodel */;
			path = ExampleDatabase.xcdatamodeld;
			sourceTree = "<group>";
			versionGroupType = wrapper.xcdatamodel;
		};
/* End XCVersionGroup section */
	};
	rootObject = B50542D12A53205200492D24 /* Project object */;
}
